// !$*UTF8*$!
{
	archiveVersion = 1;
	classes = {
	};
	objectVersion = 46;
	objects = {

/* Begin PBXBuildFile section */
		3CD954BC1EB6812F004039CD /* DosViewController.swift in Sources */ = {isa = PBXBuildFile; fileRef = 3CD954BB1EB6812F004039CD /* DosViewController.swift */; };
		7D25339A1EB67C40000C0321 /* AppDelegate.swift in Sources */ = {isa = PBXBuildFile; fileRef = 7D2533991EB67C40000C0321 /* AppDelegate.swift */; };
		7D25339C1EB67C40000C0321 /* ViewController.swift in Sources */ = {isa = PBXBuildFile; fileRef = 7D25339B1EB67C40000C0321 /* ViewController.swift */; };
		7D25339F1EB67C40000C0321 /* Main.storyboard in Resources */ = {isa = PBXBuildFile; fileRef = 7D25339D1EB67C40000C0321 /* Main.storyboard */; };
		7D2533A11EB67C40000C0321 /* Assets.xcassets in Resources */ = {isa = PBXBuildFile; fileRef = 7D2533A01EB67C40000C0321 /* Assets.xcassets */; };
		7D2533A41EB67C40000C0321 /* LaunchScreen.storyboard in Resources */ = {isa = PBXBuildFile; fileRef = 7D2533A21EB67C40000C0321 /* LaunchScreen.storyboard */; };
/* End PBXBuildFile section */

/* Begin PBXFileReference section */
		3CD954BB1EB6812F004039CD /* DosViewController.swift */ = {isa = PBXFileReference; fileEncoding = 4; lastKnownFileType = sourcecode.swift; path = DosViewController.swift; sourceTree = "<group>"; };
		7D2533961EB67C40000C0321 /* Perrotonto.app */ = {isa = PBXFileReference; explicitFileType = wrapper.application; includeInIndex = 0; path = Perrotonto.app; sourceTree = BUILT_PRODUCTS_DIR; };
		7D2533991EB67C40000C0321 /* AppDelegate.swift */ = {isa = PBXFileReference; lastKnownFileType = sourcecode.swift; path = AppDelegate.swift; sourceTree = "<group>"; };
		7D25339B1EB67C40000C0321 /* ViewController.swift */ = {isa = PBXFileReference; lastKnownFileType = sourcecode.swift; path = ViewController.swift; sourceTree = "<group>"; };
		7D25339E1EB67C40000C0321 /* Base */ = {isa = PBXFileReference; lastKnownFileType = file.storyboard; name = Base; path = Base.lproj/Main.storyboard; sourceTree = "<group>"; };
		7D2533A01EB67C40000C0321 /* Assets.xcassets */ = {isa = PBXFileReference; lastKnownFileType = folder.assetcatalog; path = Assets.xcassets; sourceTree = "<group>"; };
		7D2533A31EB67C40000C0321 /* Base */ = {isa = PBXFileReference; lastKnownFileType = file.storyboard; name = Base; path = Base.lproj/LaunchScreen.storyboard; sourceTree = "<group>"; };
		7D2533A51EB67C40000C0321 /* Info.plist */ = {isa = PBXFileReference; lastKnownFileType = text.plist.xml; path = Info.plist; sourceTree = "<group>"; };
/* End PBXFileReference section */

/* Begin PBXFrameworksBuildPhase section */
		7D2533931EB67C40000C0321 /* Frameworks */ = {
			isa = PBXFrameworksBuildPhase;
			buildActionMask = 2147483647;
			files = (
			);
			runOnlyForDeploymentPostprocessing = 0;
		};
/* End PBXFrameworksBuildPhase section */

/* Begin PBXGroup section */
		7D25338D1EB67C40000C0321 = {
			isa = PBXGroup;
			children = (
				7D2533981EB67C40000C0321 /* Perrotonto */,
				7D2533971EB67C40000C0321 /* Products */,
			);
			sourceTree = "<group>";
		};
		7D2533971EB67C40000C0321 /* Products */ = {
			isa = PBXGroup;
			children = (
				7D2533961EB67C40000C0321 /* Perrotonto.app */,
			);
			name = Products;
			sourceTree = "<group>";
		};
		7D2533981EB67C40000C0321 /* Perrotonto */ = {
			isa = PBXGroup;
			children = (
				7D2533991EB67C40000C0321 /* AppDelegate.swift */,
				7D25339B1EB67C40000C0321 /* ViewController.swift */,
				7D25339D1EB67C40000C0321 /* Main.storyboard */,
				3CD954BB1EB6812F004039CD /* DosViewController.swift */,
				7D2533A01EB67C40000C0321 /* Assets.xcassets */,
				7D2533A21EB67C40000C0321 /* LaunchScreen.storyboard */,
				7D2533A51EB67C40000C0321 /* Info.plist */,
			);
			path = Perrotonto;
			sourceTree = "<group>";
		};
/* End PBXGroup section */

/* Begin PBXNativeTarget section */
		7D2533951EB67C40000C0321 /* Perrotonto */ = {
			isa = PBXNativeTarget;
			buildConfigurationList = 7D2533A81EB67C40000C0321 /* Build configuration list for PBXNativeTarget "Perrotonto" */;
			buildPhases = (
				7D2533921EB67C40000C0321 /* Sources */,
				7D2533931EB67C40000C0321 /* Frameworks */,
				7D2533941EB67C40000C0321 /* Resources */,
			);
			buildRules = (
			);
			dependencies = (
			);
			name = Perrotonto;
			productName = Perrotonto;
			productReference = 7D2533961EB67C40000C0321 /* Perrotonto.app */;
			productType = "com.apple.product-type.application";
		};
/* End PBXNativeTarget section */

/* Begin PBXProject section */
		7D25338E1EB67C40000C0321 /* Project object */ = {
			isa = PBXProject;
			attributes = {
				LastSwiftUpdateCheck = 0830;
				LastUpgradeCheck = 0830;
				ORGANIZATIONNAME = "Miguel Mexicano Herrera";
				TargetAttributes = {
					7D2533951EB67C40000C0321 = {
						CreatedOnToolsVersion = 8.3.2;
						DevelopmentTeam = MC2W678MVZ;
						ProvisioningStyle = Automatic;
					};
				};
			};
			buildConfigurationList = 7D2533911EB67C40000C0321 /* Build configuration list for PBXProject "Perrotonto" */;
			compatibilityVersion = "Xcode 3.2";
			developmentRegion = English;
			hasScannedForEncodings = 0;
			knownRegions = (
				en,
				Base,
			);
			mainGroup = 7D25338D1EB67C40000C0321;
			productRefGroup = 7D2533971EB67C40000C0321 /* Products */;
			projectDirPath = "";
			projectRoot = "";
			targets = (
				7D2533951EB67C40000C0321 /* Perrotonto */,
			);
		};
/* End PBXProject section */

/* Begin PBXResourcesBuildPhase section */
		7D2533941EB67C40000C0321 /* Resources */ = {
			isa = PBXResourcesBuildPhase;
			buildActionMask = 2147483647;
			files = (
				7D2533A41EB67C40000C0321 /* LaunchScreen.storyboard in Resources */,
				7D2533A11EB67C40000C0321 /* Assets.xcassets in Resources */,
				7D25339F1EB67C40000C0321 /* Main.storyboard in Resources */,
			);
			runOnlyForDeploymentPostprocessing = 0;
		};
/* End PBXResourcesBuildPhase section */

/* Begin PBXSourcesBuildPhase section */
		7D2533921EB67C40000C0321 /* Sources */ = {
			isa = PBXSourcesBuildPhase;
			buildActionMask = 2147483647;
			files = (
				3CD954BC1EB6812F004039CD /* DosViewController.swift in Sources */,
				7D25339C1EB67C40000C0321 /* ViewController.swift in Sources */,
				7D25339A1EB67C40000C0321 /* AppDelegate.swift in Sources */,
			);
			runOnlyForDeploymentPostprocessing = 0;
		};
/* End PBXSourcesBuildPhase section */

/* Begin PBXVariantGroup section */
		7D25339D1EB67C40000C0321 /* Main.storyboard */ = {
			isa = PBXVariantGroup;
			children = (
				7D25339E1EB67C40000C0321 /* Base */,
			);
			name = Main.storyboard;
			sourceTree = "<group>";
		};
		7D2533A21EB67C40000C0321 /* LaunchScreen.storyboard */ = {
			isa = PBXVariantGroup;
			children = (
				7D2533A31EB67C40000C0321 /* Base */,
			);
			name = LaunchScreen.storyboard;
			sourceTree = "<group>";
		};
/* End PBXVariantGroup section */

/* Begin XCBuildConfiguration section */
		7D2533A61EB67C40000C0321 /* Debug */ = {
			isa = XCBuildConfiguration;
			buildSettings = {
				ALWAYS_SEARCH_USER_PATHS = NO;
				CLANG_ANALYZER_NONNULL = YES;
				CLANG_ANALYZER_NUMBER_OBJECT_CONVERSION = YES_AGGRESSIVE;
				CLANG_CXX_LANGUAGE_STANDARD = "gnu++0x";
				CLANG_CXX_LIBRARY = "libc++";
				CLANG_ENABLE_MODULES = YES;
				CLANG_ENABLE_OBJC_ARC = YES;
				CLANG_WARN_BOOL_CONVERSION = YES;
				CLANG_WARN_CONSTANT_CONVERSION = YES;
				CLANG_WARN_DIRECT_OBJC_ISA_USAGE = YES_ERROR;
				CLANG_WARN_DOCUMENTATION_COMMENTS = YES;
				CLANG_WARN_EMPTY_BODY = YES;
				CLANG_WARN_ENUM_CONVERSION = YES;
				CLANG_WARN_INFINITE_RECURSION = YES;
				CLANG_WARN_INT_CONVERSION = YES;
				CLANG_WARN_OBJC_ROOT_CLASS = YES_ERROR;
				CLANG_WARN_SUSPICIOUS_MOVE = YES;
				CLANG_WARN_UNREACHABLE_CODE = YES;
				CLANG_WARN__DUPLICATE_METHOD_MATCH = YES;
				"CODE_SIGN_IDENTITY[sdk=iphoneos*]" = "iPhone Developer";
				COPY_PHASE_STRIP = NO;
				DEBUG_INFORMATION_FORMAT = dwarf;
				ENABLE_STRICT_OBJC_MSGSEND = YES;
				ENABLE_TESTABILITY = YES;
				GCC_C_LANGUAGE_STANDARD = gnu99;
				GCC_DYNAMIC_NO_PIC = NO;
				GCC_NO_COMMON_BLOCKS = YES;
				GCC_OPTIMIZATION_LEVEL = 0;
				GCC_PREPROCESSOR_DEFINITIONS = (
					"DEBUG=1",
					"$(inherited)",
				);
				GCC_WARN_64_TO_32_BIT_CONVERSION = YES;
				GCC_WARN_ABOUT_RETURN_TYPE = YES_ERROR;
				GCC_WARN_UNDECLARED_SELECTOR = YES;
				GCC_WARN_UNINITIALIZED_AUTOS = YES_AGGRESSIVE;
				GCC_WARN_UNUSED_FUNCTION = YES;
				GCC_WARN_UNUSED_VARIABLE = YES;
				IPHONEOS_DEPLOYMENT_TARGET = 10.3;
				MTL_ENABLE_DEBUG_INFO = YES;
				ONLY_ACTIVE_ARCH = YES;
				SDKROOT = iphoneos;
				SWIFT_ACTIVE_COMPILATION_CONDITIONS = DEBUG;
				SWIFT_OPTIMIZATION_LEVEL = "-Onone";
				TARGETED_DEVICE_FAMILY = "1,2";
			};
			name = Debug;
		};
		7D2533A71EB67C40000C0321 /* Release */ = {
			isa = XCBuildConfiguration;
			buildSettings = {
				ALWAYS_SEARCH_USER_PATHS = NO;
				CLANG_ANALYZER_NONNULL = YES;
				CLANG_ANALYZER_NUMBER_OBJECT_CONVERSION = YES_AGGRESSIVE;
				CLANG_CXX_LANGUAGE_STANDARD = "gnu++0x";
				CLANG_CXX_LIBRARY = "libc++";
				CLANG_ENABLE_MODULES = YES;
				CLANG_ENABLE_OBJC_ARC = YES;
				CLANG_WARN_BOOL_CONVERSION = YES;
				CLANG_WARN_CONSTANT_CONVERSION = YES;
				CLANG_WARN_DIRECT_OBJC_ISA_USAGE = YES_ERROR;
				CLANG_WARN_DOCUMENTATION_COMMENTS = YES;
				CLANG_WARN_EMPTY_BODY = YES;
				CLANG_WARN_ENUM_CONVERSION = YES;
				CLANG_WARN_INFINITE_RECURSION = YES;
				CLANG_WARN_INT_CONVERSION = YES;
				CLANG_WARN_OBJC_ROOT_CLASS = YES_ERROR;
				CLANG_WARN_SUSPICIOUS_MOVE = YES;
				CLANG_WARN_UNREACHABLE_CODE = YES;
				CLANG_WARN__DUPLICATE_METHOD_MATCH = YES;
				"CODE_SIGN_IDENTITY[sdk=iphoneos*]" = "iPhone Developer";
				COPY_PHASE_STRIP = NO;
				DEBUG_INFORMATION_FORMAT = "dwarf-with-dsym";
				ENABLE_NS_ASSERTIONS = NO;
				ENABLE_STRICT_OBJC_MSGSEND = YES;
				GCC_C_LANGUAGE_STANDARD = gnu99;
				GCC_NO_COMMON_BLOCKS = YES;
				GCC_WARN_64_TO_32_BIT_CONVERSION = YES;
				GCC_WARN_ABOUT_RETURN_TYPE = YES_ERROR;
				GCC_WARN_UNDECLARED_SELECTOR = YES;
				GCC_WARN_UNINITIALIZED_AUTOS = YES_AGGRESSIVE;
				GCC_WARN_UNUSED_FUNCTION = YES;
				GCC_WARN_UNUSED_VARIABLE = YES;
				IPHONEOS_DEPLOYMENT_TARGET = 10.3;
				MTL_ENABLE_DEBUG_INFO = NO;
				SDKROOT = iphoneos;
				SWIFT_OPTIMIZATION_LEVEL = "-Owholemodule";
				TARGETED_DEVICE_FAMILY = "1,2";
				VALIDATE_PRODUCT = YES;
			};
			name = Release;
		};
		7D2533A91EB67C40000C0321 /* Debug */ = {
			isa = XCBuildConfiguration;
			buildSettings = {
				ASSETCATALOG_COMPILER_APPICON_NAME = AppIcon;
				DEVELOPMENT_TEAM = MC2W678MVZ;
				INFOPLIST_FILE = Perrotonto/Info.plist;
				LD_RUNPATH_SEARCH_PATHS = "$(inherited) @executable_path/Frameworks";
				PRODUCT_BUNDLE_IDENTIFIER = mx.com.nut.Perrotonto;
				PRODUCT_NAME = "$(TARGET_NAME)";
				SWIFT_VERSION = 3.0;
			};
			name = Debug;
		};
		7D2533AA1EB67C40000C0321 /* Release */ = {
			isa = XCBuildConfiguration;
			buildSettings = {
				ASSETCATALOG_COMPILER_APPICON_NAME = AppIcon;
				DEVELOPMENT_TEAM = MC2W678MVZ;
				INFOPLIST_FILE = Perrotonto/Info.plist;
				LD_RUNPATH_SEARCH_PATHS = "$(inherited) @executable_path/Frameworks";
				PRODUCT_BUNDLE_IDENTIFIER = mx.com.nut.Perrotonto;
				PRODUCT_NAME = "$(TARGET_NAME)";
				SWIFT_VERSION = 3.0;
			};
			name = Release;
		};
/* End XCBuildConfiguration section */

/* Begin XCConfigurationList section */
		7D2533911EB67C40000C0321 /* Build configuration list for PBXProject "Perrotonto" */ = {
			isa = XCConfigurationList;
			buildConfigurations = (
				7D2533A61EB67C40000C0321 /* Debug */,
				7D2533A71EB67C40000C0321 /* Release */,
			);
			defaultConfigurationIsVisible = 0;
			defaultConfigurationName = Release;
		};
		7D2533A81EB67C40000C0321 /* Build configuration list for PBXNativeTarget "Perrotonto" */ = {
			isa = XCConfigurationList;
			buildConfigurations = (
				7D2533A91EB67C40000C0321 /* Debug */,
				7D2533AA1EB67C40000C0321 /* Release */,
			);
			defaultConfigurationIsVisible = 0;
			defaultConfigurationName = Release;
		};
/* End XCConfigurationList section */
	};
	rootObject = 7D25338E1EB67C40000C0321 /* Project object */;
}
